
Microsoft Visual Studio Solution File, Format Version 12.00
# Visual Studio 15
VisualStudioVersion = 15.0.26730.10
MinimumVisualStudioVersion = 10.0.40219.1
Project("{FAE04EC0-301F-11D3-BF4B-00C04F79EFBC}") = "Towerdefense", "Towerdefense\Towerdefense.csproj", "{CA388320-14C7-4062-81D7-FF6CFA98CA05}"
EndProject
Project("{FAE04EC0-301F-11D3-BF4B-00C04F79EFBC}") = "Entities", "Entities\Entities.csproj", "{341CDDB3-1C08-4EE5-8ACE-8F8D413F9E59}"
EndProject
Project("{FAE04EC0-301F-11D3-BF4B-00C04F79EFBC}") = "MapBuilder", "MapBuilder\MapBuilder.csproj", "{47D61ECA-BB1F-4022-8B0F-428BEF99836D}"
EndProject
Project("{FAE04EC0-301F-11D3-BF4B-00C04F79EFBC}") = "DBLayer", "DBLayer\DBLayer.csproj", "{060F6026-E822-4ED3-BF1A-E653B80D153A}"
EndProject
Global
	GlobalSection(SolutionConfigurationPlatforms) = preSolution
		Debug|Any CPU = Debug|Any CPU
		Debug|ARM = Debug|ARM
		Debug|x64 = Debug|x64
		Debug|x86 = Debug|x86
		Release|Any CPU = Release|Any CPU
		Release|ARM = Release|ARM
		Release|x64 = Release|x64
		Release|x86 = Release|x86
	EndGlobalSection
	GlobalSection(ProjectConfigurationPlatforms) = postSolution
		{CA388320-14C7-4062-81D7-FF6CFA98CA05}.Debug|Any CPU.ActiveCfg = Debug|x86
		{CA388320-14C7-4062-81D7-FF6CFA98CA05}.Debug|Any CPU.Build.0 = Debug|x86
		{CA388320-14C7-4062-81D7-FF6CFA98CA05}.Debug|ARM.ActiveCfg = Debug|x86
		{CA388320-14C7-4062-81D7-FF6CFA98CA05}.Debug|x64.ActiveCfg = Debug|x86
		{CA388320-14C7-4062-81D7-FF6CFA98CA05}.Debug|x86.ActiveCfg = Debug|x86
		{CA388320-14C7-4062-81D7-FF6CFA98CA05}.Debug|x86.Build.0 = Debug|x86
		{CA388320-14C7-4062-81D7-FF6CFA98CA05}.Release|Any CPU.ActiveCfg = Release|x86
		{CA388320-14C7-4062-81D7-FF6CFA98CA05}.Release|ARM.ActiveCfg = Release|x86
		{CA388320-14C7-4062-81D7-FF6CFA98CA05}.Release|x64.ActiveCfg = Release|x86
		{CA388320-14C7-4062-81D7-FF6CFA98CA05}.Release|x86.ActiveCfg = Release|x86
		{CA388320-14C7-4062-81D7-FF6CFA98CA05}.Release|x86.Build.0 = Release|x86
		{341CDDB3-1C08-4EE5-8ACE-8F8D413F9E59}.Debug|Any CPU.ActiveCfg = Debug|x86
		{341CDDB3-1C08-4EE5-8ACE-8F8D413F9E59}.Debug|Any CPU.Build.0 = Debug|x86
		{341CDDB3-1C08-4EE5-8ACE-8F8D413F9E59}.Debug|ARM.ActiveCfg = Debug|x86
		{341CDDB3-1C08-4EE5-8ACE-8F8D413F9E59}.Debug|x64.ActiveCfg = Debug|x86
		{341CDDB3-1C08-4EE5-8ACE-8F8D413F9E59}.Debug|x86.ActiveCfg = Debug|x86
		{341CDDB3-1C08-4EE5-8ACE-8F8D413F9E59}.Debug|x86.Build.0 = Debug|x86
		{341CDDB3-1C08-4EE5-8ACE-8F8D413F9E59}.Release|Any CPU.ActiveCfg = Release|x86
		{341CDDB3-1C08-4EE5-8ACE-8F8D413F9E59}.Release|ARM.ActiveCfg = Release|x86
		{341CDDB3-1C08-4EE5-8ACE-8F8D413F9E59}.Release|x64.ActiveCfg = Release|x86
		{341CDDB3-1C08-4EE5-8ACE-8F8D413F9E59}.Release|x86.ActiveCfg = Release|x86
		{341CDDB3-1C08-4EE5-8ACE-8F8D413F9E59}.Release|x86.Build.0 = Release|x86
		{47D61ECA-BB1F-4022-8B0F-428BEF99836D}.Debug|Any CPU.ActiveCfg = Debug|x86
		{47D61ECA-BB1F-4022-8B0F-428BEF99836D}.Debug|Any CPU.Build.0 = Debug|x86
		{47D61ECA-BB1F-4022-8B0F-428BEF99836D}.Debug|ARM.ActiveCfg = Debug|x86
		{47D61ECA-BB1F-4022-8B0F-428BEF99836D}.Debug|x64.ActiveCfg = Debug|x86
		{47D61ECA-BB1F-4022-8B0F-428BEF99836D}.Debug|x86.ActiveCfg = Debug|x86
		{47D61ECA-BB1F-4022-8B0F-428BEF99836D}.Debug|x86.Build.0 = Debug|x86
		{47D61ECA-BB1F-4022-8B0F-428BEF99836D}.Release|Any CPU.ActiveCfg = Release|x86
		{47D61ECA-BB1F-4022-8B0F-428BEF99836D}.Release|ARM.ActiveCfg = Release|x86
		{47D61ECA-BB1F-4022-8B0F-428BEF99836D}.Release|x64.ActiveCfg = Release|x86
		{47D61ECA-BB1F-4022-8B0F-428BEF99836D}.Release|x86.ActiveCfg = Release|x86
		{47D61ECA-BB1F-4022-8B0F-428BEF99836D}.Release|x86.Build.0 = Release|x86
		{060F6026-E822-4ED3-BF1A-E653B80D153A}.Debug|Any CPU.ActiveCfg = Debug|Any CPU
		{060F6026-E822-4ED3-BF1A-E653B80D153A}.Debug|Any CPU.Build.0 = Debug|Any CPU
		{060F6026-E822-4ED3-BF1A-E653B80D153A}.Debug|ARM.ActiveCfg = Debug|ARM
		{060F6026-E822-4ED3-BF1A-E653B80D153A}.Debug|ARM.Build.0 = Debug|ARM
		{060F6026-E822-4ED3-BF1A-E653B80D153A}.Debug|x64.ActiveCfg = Debug|x64
		{060F6026-E822-4ED3-BF1A-E653B80D153A}.Debug|x64.Build.0 = Debug|x64
		{060F6026-E822-4ED3-BF1A-E653B80D153A}.Debug|x86.ActiveCfg = Debug|x86
		{060F6026-E822-4ED3-BF1A-E653B80D153A}.Debug|x86.Build.0 = Debug|x86
		{060F6026-E822-4ED3-BF1A-E653B80D153A}.Release|Any CPU.ActiveCfg = Release|Any CPU
		{060F6026-E822-4ED3-BF1A-E653B80D153A}.Release|Any CPU.Build.0 = Release|Any CPU
		{060F6026-E822-4ED3-BF1A-E653B80D153A}.Release|ARM.ActiveCfg = Release|ARM
		{060F6026-E822-4ED3-BF1A-E653B80D153A}.Release|ARM.Build.0 = Release|ARM
		{060F6026-E822-4ED3-BF1A-E653B80D153A}.Release|x64.ActiveCfg = Release|x64
		{060F6026-E822-4ED3-BF1A-E653B80D153A}.Release|x64.Build.0 = Release|x64
		{060F6026-E822-4ED3-BF1A-E653B80D153A}.Release|x86.ActiveCfg = Release|x86
		{060F6026-E822-4ED3-BF1A-E653B80D153A}.Release|x86.Build.0 = Release|x86
	EndGlobalSection
	GlobalSection(SolutionProperties) = preSolution
		HideSolutionNode = FALSE
	EndGlobalSection
	GlobalSection(ExtensibilityGlobals) = postSolution
		SolutionGuid = {57570926-73B0-4961-B8D9-29FBF61B8CA1}
	EndGlobalSection
EndGlobal
